// !$*UTF8*$!
{
	archiveVersion = 1;
	classes = {
	};
	objectVersion = 46;
	objects = {

/* Begin PBXBuildFile section */
		6501FB181973745B00400B0F /* AppDelegate.swift in Sources */ = {isa = PBXBuildFile; fileRef = 6501FB171973745B00400B0F /* AppDelegate.swift */; };
		6501FB1A1973745B00400B0F /* GameScene.sks in Resources */ = {isa = PBXBuildFile; fileRef = 6501FB191973745B00400B0F /* GameScene.sks */; };
		6501FB1C1973745B00400B0F /* GameScene.swift in Sources */ = {isa = PBXBuildFile; fileRef = 6501FB1B1973745B00400B0F /* GameScene.swift */; };
		6501FB1E1973745B00400B0F /* GameViewController.swift in Sources */ = {isa = PBXBuildFile; fileRef = 6501FB1D1973745B00400B0F /* GameViewController.swift */; };
		6501FB211973745B00400B0F /* Main.storyboard in Resources */ = {isa = PBXBuildFile; fileRef = 6501FB1F1973745B00400B0F /* Main.storyboard */; };
		6501FB231973745B00400B0F /* Images.xcassets in Resources */ = {isa = PBXBuildFile; fileRef = 6501FB221973745B00400B0F /* Images.xcassets */; };
		6501FB2F1973745B00400B0F /* DataStructure_SwiftTests.swift in Sources */ = {isa = PBXBuildFile; fileRef = 6501FB2E1973745B00400B0F /* DataStructure_SwiftTests.swift */; };
		65252B40197F7FF8000B3008 /* GP_Iterator.swift in Sources */ = {isa = PBXBuildFile; fileRef = 65252B3E197F7FF8000B3008 /* GP_Iterator.swift */; };
		65252B42197F822D000B3008 /* Array2Iterator.swift in Sources */ = {isa = PBXBuildFile; fileRef = 65252B41197F822D000B3008 /* Array2Iterator.swift */; };
		65252B44197F828F000B3008 /* Iterator.swift in Sources */ = {isa = PBXBuildFile; fileRef = 65252B43197F828F000B3008 /* Iterator.swift */; };
		65252B48197F8545000B3008 /* Array2.swift in Sources */ = {isa = PBXBuildFile; fileRef = 65252B47197F8545000B3008 /* Array2.swift */; };
		65252B49197F8545000B3008 /* Array2.swift in Sources */ = {isa = PBXBuildFile; fileRef = 65252B47197F8545000B3008 /* Array2.swift */; };
		65252B4B197F8824000B3008 /* Collection.swift in Sources */ = {isa = PBXBuildFile; fileRef = 65252B4A197F8824000B3008 /* Collection.swift */; };
/* End PBXBuildFile section */

/* Begin PBXContainerItemProxy section */
		6501FB291973745B00400B0F /* PBXContainerItemProxy */ = {
			isa = PBXContainerItemProxy;
			containerPortal = 6501FB0A1973745B00400B0F /* Project object */;
			proxyType = 1;
			remoteGlobalIDString = 6501FB111973745B00400B0F;
			remoteInfo = DataStructure_Swift;
		};
/* End PBXContainerItemProxy section */

/* Begin PBXFileReference section */
		6501FB121973745B00400B0F /* DataStructure_Swift.app */ = {isa = PBXFileReference; explicitFileType = wrapper.application; includeInIndex = 0; path = DataStructure_Swift.app; sourceTree = BUILT_PRODUCTS_DIR; };
		6501FB161973745B00400B0F /* Info.plist */ = {isa = PBXFileReference; lastKnownFileType = text.plist.xml; path = Info.plist; sourceTree = "<group>"; };
		6501FB171973745B00400B0F /* AppDelegate.swift */ = {isa = PBXFileReference; lastKnownFileType = sourcecode.swift; path = AppDelegate.swift; sourceTree = "<group>"; };
		6501FB191973745B00400B0F /* GameScene.sks */ = {isa = PBXFileReference; lastKnownFileType = file.sks; path = GameScene.sks; sourceTree = "<group>"; };
		6501FB1B1973745B00400B0F /* GameScene.swift */ = {isa = PBXFileReference; lastKnownFileType = sourcecode.swift; path = GameScene.swift; sourceTree = "<group>"; };
		6501FB1D1973745B00400B0F /* GameViewController.swift */ = {isa = PBXFileReference; lastKnownFileType = sourcecode.swift; path = GameViewController.swift; sourceTree = "<group>"; };
		6501FB201973745B00400B0F /* Base */ = {isa = PBXFileReference; lastKnownFileType = file.storyboard; name = Base; path = Base.lproj/Main.storyboard; sourceTree = "<group>"; };
		6501FB221973745B00400B0F /* Images.xcassets */ = {isa = PBXFileReference; lastKnownFileType = folder.assetcatalog; path = Images.xcassets; sourceTree = "<group>"; };
		6501FB281973745B00400B0F /* DataStructure_SwiftTests.xctest */ = {isa = PBXFileReference; explicitFileType = wrapper.cfbundle; includeInIndex = 0; path = DataStructure_SwiftTests.xctest; sourceTree = BUILT_PRODUCTS_DIR; };
		6501FB2D1973745B00400B0F /* Info.plist */ = {isa = PBXFileReference; lastKnownFileType = text.plist.xml; path = Info.plist; sourceTree = "<group>"; };
		6501FB2E1973745B00400B0F /* DataStructure_SwiftTests.swift */ = {isa = PBXFileReference; lastKnownFileType = sourcecode.swift; path = DataStructure_SwiftTests.swift; sourceTree = "<group>"; };
		65252B3E197F7FF8000B3008 /* GP_Iterator.swift */ = {isa = PBXFileReference; fileEncoding = 4; lastKnownFileType = sourcecode.swift; path = GP_Iterator.swift; sourceTree = "<group>"; };
		65252B41197F822D000B3008 /* Array2Iterator.swift */ = {isa = PBXFileReference; fileEncoding = 4; lastKnownFileType = sourcecode.swift; name = Array2Iterator.swift; path = iterators/Array2Iterator.swift; sourceTree = "<group>"; };
		65252B43197F828F000B3008 /* Iterator.swift */ = {isa = PBXFileReference; fileEncoding = 4; lastKnownFileType = sourcecode.swift; name = Iterator.swift; path = iterators/Iterator.swift; sourceTree = "<group>"; };
		65252B47197F8545000B3008 /* Array2.swift */ = {isa = PBXFileReference; fileEncoding = 4; lastKnownFileType = sourcecode.swift; name = Array2.swift; path = DataStructure_Swift/com/lookbackon/ds/swift/Array2.swift; sourceTree = SOURCE_ROOT; };
		65252B4A197F8824000B3008 /* Collection.swift */ = {isa = PBXFileReference; fileEncoding = 4; lastKnownFileType = sourcecode.swift; path = Collection.swift; sourceTree = "<group>"; };
/* End PBXFileReference section */

/* Begin PBXFrameworksBuildPhase section */
		6501FB0F1973745B00400B0F /* Frameworks */ = {
			isa = PBXFrameworksBuildPhase;
			buildActionMask = 2147483647;
			files = (
			);
			runOnlyForDeploymentPostprocessing = 0;
		};
		6501FB251973745B00400B0F /* Frameworks */ = {
			isa = PBXFrameworksBuildPhase;
			buildActionMask = 2147483647;
			files = (
			);
			runOnlyForDeploymentPostprocessing = 0;
		};
/* End PBXFrameworksBuildPhase section */

/* Begin PBXGroup section */
		6501FB091973745B00400B0F = {
			isa = PBXGroup;
			children = (
				6501FB141973745B00400B0F /* DataStructure_Swift */,
				6501FB2B1973745B00400B0F /* DataStructure_SwiftTests */,
				6501FB131973745B00400B0F /* Products */,
			);
			sourceTree = "<group>";
		};
		6501FB131973745B00400B0F /* Products */ = {
			isa = PBXGroup;
			children = (
				6501FB121973745B00400B0F /* DataStructure_Swift.app */,
				6501FB281973745B00400B0F /* DataStructure_SwiftTests.xctest */,
			);
			name = Products;
			sourceTree = "<group>";
		};
		6501FB141973745B00400B0F /* DataStructure_Swift */ = {
			isa = PBXGroup;
			children = (
				65F0DC301974B98B0022B54E /* com */,
				6501FB171973745B00400B0F /* AppDelegate.swift */,
				6501FB191973745B00400B0F /* GameScene.sks */,
				6501FB1B1973745B00400B0F /* GameScene.swift */,
				6501FB1D1973745B00400B0F /* GameViewController.swift */,
				6501FB1F1973745B00400B0F /* Main.storyboard */,
				6501FB221973745B00400B0F /* Images.xcassets */,
				6501FB151973745B00400B0F /* Supporting Files */,
			);
			path = DataStructure_Swift;
			sourceTree = "<group>";
		};
		6501FB151973745B00400B0F /* Supporting Files */ = {
			isa = PBXGroup;
			children = (
				6501FB161973745B00400B0F /* Info.plist */,
			);
			name = "Supporting Files";
			sourceTree = "<group>";
		};
		6501FB2B1973745B00400B0F /* DataStructure_SwiftTests */ = {
			isa = PBXGroup;
			children = (
				6501FB2E1973745B00400B0F /* DataStructure_SwiftTests.swift */,
				6501FB2C1973745B00400B0F /* Supporting Files */,
			);
			path = DataStructure_SwiftTests;
			sourceTree = "<group>";
		};
		6501FB2C1973745B00400B0F /* Supporting Files */ = {
			isa = PBXGroup;
			children = (
				6501FB2D1973745B00400B0F /* Info.plist */,
			);
			name = "Supporting Files";
			sourceTree = "<group>";
		};
		65252B3B197F7FF8000B3008 /* swift */ = {
			isa = PBXGroup;
			children = (
				65252B4A197F8824000B3008 /* Collection.swift */,
				65252B41197F822D000B3008 /* Array2Iterator.swift */,
				65252B43197F828F000B3008 /* Iterator.swift */,
				65252B47197F8545000B3008 /* Array2.swift */,
				65252B3C197F7FF8000B3008 /* iterators */,
				65252B3F197F7FF8000B3008 /* sort */,
			);
			path = swift;
			sourceTree = "<group>";
		};
		65252B3C197F7FF8000B3008 /* iterators */ = {
			isa = PBXGroup;
			children = (
				65252B3E197F7FF8000B3008 /* GP_Iterator.swift */,
			);
			path = iterators;
			sourceTree = "<group>";
		};
		65252B3F197F7FF8000B3008 /* sort */ = {
			isa = PBXGroup;
			children = (
			);
			path = sort;
			sourceTree = "<group>";
		};
		65F0DC301974B98B0022B54E /* com */ = {
			isa = PBXGroup;
			children = (
				65F0DC311974B98B0022B54E /* lookbackon */,
			);
			path = com;
			sourceTree = "<group>";
		};
		65F0DC311974B98B0022B54E /* lookbackon */ = {
			isa = PBXGroup;
			children = (
				65F0DC321974B98B0022B54E /* ds */,
			);
			path = lookbackon;
			sourceTree = "<group>";
		};
		65F0DC321974B98B0022B54E /* ds */ = {
			isa = PBXGroup;
			children = (
				65252B3B197F7FF8000B3008 /* swift */,
			);
			path = ds;
			sourceTree = "<group>";
		};
/* End PBXGroup section */

/* Begin PBXNativeTarget section */
		6501FB111973745B00400B0F /* DataStructure_Swift */ = {
			isa = PBXNativeTarget;
			buildConfigurationList = 6501FB321973745B00400B0F /* Build configuration list for PBXNativeTarget "DataStructure_Swift" */;
			buildPhases = (
				6501FB0E1973745B00400B0F /* Sources */,
				6501FB0F1973745B00400B0F /* Frameworks */,
				6501FB101973745B00400B0F /* Resources */,
			);
			buildRules = (
			);
			dependencies = (
			);
			name = DataStructure_Swift;
			productName = DataStructure_Swift;
			productReference = 6501FB121973745B00400B0F /* DataStructure_Swift.app */;
			productType = "com.apple.product-type.application";
		};
		6501FB271973745B00400B0F /* DataStructure_SwiftTests */ = {
			isa = PBXNativeTarget;
			buildConfigurationList = 6501FB351973745B00400B0F /* Build configuration list for PBXNativeTarget "DataStructure_SwiftTests" */;
			buildPhases = (
				6501FB241973745B00400B0F /* Sources */,
				6501FB251973745B00400B0F /* Frameworks */,
				6501FB261973745B00400B0F /* Resources */,
			);
			buildRules = (
			);
			dependencies = (
				6501FB2A1973745B00400B0F /* PBXTargetDependency */,
			);
			name = DataStructure_SwiftTests;
			productName = DataStructure_SwiftTests;
			productReference = 6501FB281973745B00400B0F /* DataStructure_SwiftTests.xctest */;
			productType = "com.apple.product-type.bundle.unit-test";
		};
/* End PBXNativeTarget section */

/* Begin PBXProject section */
		6501FB0A1973745B00400B0F /* Project object */ = {
			isa = PBXProject;
			attributes = {
				LastUpgradeCheck = 0600;
				ORGANIZATIONNAME = GODPAPER;
				TargetAttributes = {
					6501FB111973745B00400B0F = {
						CreatedOnToolsVersion = 6.0;
					};
					6501FB271973745B00400B0F = {
						CreatedOnToolsVersion = 6.0;
						TestTargetID = 6501FB111973745B00400B0F;
					};
				};
			};
			buildConfigurationList = 6501FB0D1973745B00400B0F /* Build configuration list for PBXProject "DataStructure_Swift" */;
			compatibilityVersion = "Xcode 3.2";
			developmentRegion = English;
			hasScannedForEncodings = 0;
			knownRegions = (
				en,
				Base,
			);
			mainGroup = 6501FB091973745B00400B0F;
			productRefGroup = 6501FB131973745B00400B0F /* Products */;
			projectDirPath = "";
			projectRoot = "";
			targets = (
				6501FB111973745B00400B0F /* DataStructure_Swift */,
				6501FB271973745B00400B0F /* DataStructure_SwiftTests */,
			);
		};
/* End PBXProject section */

/* Begin PBXResourcesBuildPhase section */
		6501FB101973745B00400B0F /* Resources */ = {
			isa = PBXResourcesBuildPhase;
			buildActionMask = 2147483647;
			files = (
				6501FB231973745B00400B0F /* Images.xcassets in Resources */,
				6501FB1A1973745B00400B0F /* GameScene.sks in Resources */,
				6501FB211973745B00400B0F /* Main.storyboard in Resources */,
			);
			runOnlyForDeploymentPostprocessing = 0;
		};
		6501FB261973745B00400B0F /* Resources */ = {
			isa = PBXResourcesBuildPhase;
			buildActionMask = 2147483647;
			files = (
			);
			runOnlyForDeploymentPostprocessing = 0;
		};
/* End PBXResourcesBuildPhase section */

/* Begin PBXSourcesBuildPhase section */
		6501FB0E1973745B00400B0F /* Sources */ = {
			isa = PBXSourcesBuildPhase;
			buildActionMask = 2147483647;
			files = (
				65252B40197F7FF8000B3008 /* GP_Iterator.swift in Sources */,
				65252B4B197F8824000B3008 /* Collection.swift in Sources */,
				6501FB1C1973745B00400B0F /* GameScene.swift in Sources */,
				6501FB1E1973745B00400B0F /* GameViewController.swift in Sources */,
				65252B42197F822D000B3008 /* Array2Iterator.swift in Sources */,
				6501FB181973745B00400B0F /* AppDelegate.swift in Sources */,
				65252B44197F828F000B3008 /* Iterator.swift in Sources */,
				65252B48197F8545000B3008 /* Array2.swift in Sources */,
			);
			runOnlyForDeploymentPostprocessing = 0;
		};
		6501FB241973745B00400B0F /* Sources */ = {
			isa = PBXSourcesBuildPhase;
			buildActionMask = 2147483647;
			files = (
				65252B49197F8545000B3008 /* Array2.swift in Sources */,
				6501FB2F1973745B00400B0F /* DataStructure_SwiftTests.swift in Sources */,
			);
			runOnlyForDeploymentPostprocessing = 0;
		};
/* End PBXSourcesBuildPhase section */

/* Begin PBXTargetDependency section */
		6501FB2A1973745B00400B0F /* PBXTargetDependency */ = {
			isa = PBXTargetDependency;
			target = 6501FB111973745B00400B0F /* DataStructure_Swift */;
			targetProxy = 6501FB291973745B00400B0F /* PBXContainerItemProxy */;
		};
/* End PBXTargetDependency section */

/* Begin PBXVariantGroup section */
		6501FB1F1973745B00400B0F /* Main.storyboard */ = {
			isa = PBXVariantGroup;
			children = (
				6501FB201973745B00400B0F /* Base */,
			);
			name = Main.storyboard;
			sourceTree = "<group>";
		};
/* End PBXVariantGroup section */

/* Begin XCBuildConfiguration section */
		6501FB301973745B00400B0F /* Debug */ = {
			isa = XCBuildConfiguration;
			buildSettings = {
				ALWAYS_SEARCH_USER_PATHS = NO;
				CLANG_CXX_LANGUAGE_STANDARD = "gnu++0x";
				CLANG_CXX_LIBRARY = "libc++";
				CLANG_ENABLE_MODULES = YES;
				CLANG_ENABLE_OBJC_ARC = YES;
				CLANG_WARN_BOOL_CONVERSION = YES;
				CLANG_WARN_CONSTANT_CONVERSION = YES;
				CLANG_WARN_DIRECT_OBJC_ISA_USAGE = YES_ERROR;
				CLANG_WARN_EMPTY_BODY = YES;
				CLANG_WARN_ENUM_CONVERSION = YES;
				CLANG_WARN_INT_CONVERSION = YES;
				CLANG_WARN_OBJC_ROOT_CLASS = YES_ERROR;
				CLANG_WARN_UNREACHABLE_CODE = YES;
				CLANG_WARN__DUPLICATE_METHOD_MATCH = YES;
				"CODE_SIGN_IDENTITY[sdk=iphoneos*]" = "iPhone Developer";
				COPY_PHASE_STRIP = NO;
				ENABLE_STRICT_OBJC_MSGSEND = YES;
				GCC_C_LANGUAGE_STANDARD = gnu99;
				GCC_DYNAMIC_NO_PIC = NO;
				GCC_OPTIMIZATION_LEVEL = 0;
				GCC_PREPROCESSOR_DEFINITIONS = (
					"DEBUG=1",
					"$(inherited)",
				);
				GCC_SYMBOLS_PRIVATE_EXTERN = NO;
				GCC_WARN_64_TO_32_BIT_CONVERSION = YES;
				GCC_WARN_ABOUT_RETURN_TYPE = YES_ERROR;
				GCC_WARN_UNDECLARED_SELECTOR = YES;
				GCC_WARN_UNINITIALIZED_AUTOS = YES_AGGRESSIVE;
				GCC_WARN_UNUSED_FUNCTION = YES;
				GCC_WARN_UNUSED_VARIABLE = YES;
				IPHONEOS_DEPLOYMENT_TARGET = 8.0;
				METAL_ENABLE_DEBUG_INFO = YES;
				ONLY_ACTIVE_ARCH = YES;
				SDKROOT = iphoneos;
				SWIFT_OPTIMIZATION_LEVEL = "-Onone";
				TARGETED_DEVICE_FAMILY = "1,2";
			};
			name = Debug;
		};
		6501FB311973745B00400B0F /* Release */ = {
			isa = XCBuildConfiguration;
			buildSettings = {
				ALWAYS_SEARCH_USER_PATHS = NO;
				CLANG_CXX_LANGUAGE_STANDARD = "gnu++0x";
				CLANG_CXX_LIBRARY = "libc++";
				CLANG_ENABLE_MODULES = YES;
				CLANG_ENABLE_OBJC_ARC = YES;
				CLANG_WARN_BOOL_CONVERSION = YES;
				CLANG_WARN_CONSTANT_CONVERSION = YES;
				CLANG_WARN_DIRECT_OBJC_ISA_USAGE = YES_ERROR;
				CLANG_WARN_EMPTY_BODY = YES;
				CLANG_WARN_ENUM_CONVERSION = YES;
				CLANG_WARN_INT_CONVERSION = YES;
				CLANG_WARN_OBJC_ROOT_CLASS = YES_ERROR;
				CLANG_WARN_UNREACHABLE_CODE = YES;
				CLANG_WARN__DUPLICATE_METHOD_MATCH = YES;
				"CODE_SIGN_IDENTITY[sdk=iphoneos*]" = "iPhone Developer";
				COPY_PHASE_STRIP = YES;
				ENABLE_NS_ASSERTIONS = NO;
				ENABLE_STRICT_OBJC_MSGSEND = YES;
				GCC_C_LANGUAGE_STANDARD = gnu99;
				GCC_WARN_64_TO_32_BIT_CONVERSION = YES;
				GCC_WARN_ABOUT_RETURN_TYPE = YES_ERROR;
				GCC_WARN_UNDECLARED_SELECTOR = YES;
				GCC_WARN_UNINITIALIZED_AUTOS = YES_AGGRESSIVE;
				GCC_WARN_UNUSED_FUNCTION = YES;
				GCC_WARN_UNUSED_VARIABLE = YES;
				IPHONEOS_DEPLOYMENT_TARGET = 8.0;
				METAL_ENABLE_DEBUG_INFO = NO;
				SDKROOT = iphoneos;
				TARGETED_DEVICE_FAMILY = "1,2";
				VALIDATE_PRODUCT = YES;
			};
			name = Release;
		};
		6501FB331973745B00400B0F /* Debug */ = {
			isa = XCBuildConfiguration;
			buildSettings = {
				ASSETCATALOG_COMPILER_APPICON_NAME = AppIcon;
				ASSETCATALOG_COMPILER_LAUNCHIMAGE_NAME = LaunchImage;
				INFOPLIST_FILE = DataStructure_Swift/Info.plist;
				LD_RUNPATH_SEARCH_PATHS = "$(inherited) @executable_path/Frameworks";
				PRODUCT_NAME = "$(TARGET_NAME)";
			};
			name = Debug;
		};
		6501FB341973745B00400B0F /* Release */ = {
			isa = XCBuildConfiguration;
			buildSettings = {
				ASSETCATALOG_COMPILER_APPICON_NAME = AppIcon;
				ASSETCATALOG_COMPILER_LAUNCHIMAGE_NAME = LaunchImage;
				INFOPLIST_FILE = DataStructure_Swift/Info.plist;
				LD_RUNPATH_SEARCH_PATHS = "$(inherited) @executable_path/Frameworks";
				PRODUCT_NAME = "$(TARGET_NAME)";
			};
			name = Release;
		};
		6501FB361973745B00400B0F /* Debug */ = {
			isa = XCBuildConfiguration;
			buildSettings = {
				BUNDLE_LOADER = "$(BUILT_PRODUCTS_DIR)/DataStructure_Swift.app/DataStructure_Swift";
				FRAMEWORK_SEARCH_PATHS = (
					"$(SDKROOT)/Developer/Library/Frameworks",
					"$(inherited)",
				);
				GCC_PREPROCESSOR_DEFINITIONS = (
					"DEBUG=1",
					"$(inherited)",
				);
				INFOPLIST_FILE = DataStructure_SwiftTests/Info.plist;
				LD_RUNPATH_SEARCH_PATHS = "$(inherited) @executable_path/Frameworks @loader_path/Frameworks";
				METAL_ENABLE_DEBUG_INFO = YES;
				PRODUCT_NAME = "$(TARGET_NAME)";
				TEST_HOST = "$(BUNDLE_LOADER)";
			};
			name = Debug;
		};
		6501FB371973745B00400B0F /* Release */ = {
			isa = XCBuildConfiguration;
			buildSettings = {
				BUNDLE_LOADER = "$(BUILT_PRODUCTS_DIR)/DataStructure_Swift.app/DataStructure_Swift";
				FRAMEWORK_SEARCH_PATHS = (
					"$(SDKROOT)/Developer/Library/Frameworks",
					"$(inherited)",
				);
				INFOPLIST_FILE = DataStructure_SwiftTests/Info.plist;
				LD_RUNPATH_SEARCH_PATHS = "$(inherited) @executable_path/Frameworks @loader_path/Frameworks";
				METAL_ENABLE_DEBUG_INFO = NO;
				PRODUCT_NAME = "$(TARGET_NAME)";
				TEST_HOST = "$(BUNDLE_LOADER)";
			};
			name = Release;
		};
/* End XCBuildConfiguration section */

/* Begin XCConfigurationList section */
		6501FB0D1973745B00400B0F /* Build configuration list for PBXProject "DataStructure_Swift" */ = {
			isa = XCConfigurationList;
			buildConfigurations = (
				6501FB301973745B00400B0F /* Debug */,
				6501FB311973745B00400B0F /* Release */,
			);
			defaultConfigurationIsVisible = 0;
			defaultConfigurationName = Release;
		};
		6501FB321973745B00400B0F /* Build configuration list for PBXNativeTarget "DataStructure_Swift" */ = {
			isa = XCConfigurationList;
			buildConfigurations = (
				6501FB331973745B00400B0F /* Debug */,
				6501FB341973745B00400B0F /* Release */,
			);
			defaultConfigurationIsVisible = 0;
			defaultConfigurationName = Release;
		};
		6501FB351973745B00400B0F /* Build configuration list for PBXNativeTarget "DataStructure_SwiftTests" */ = {
			isa = XCConfigurationList;
			buildConfigurations = (
				6501FB361973745B00400B0F /* Debug */,
				6501FB371973745B00400B0F /* Release */,
			);
			defaultConfigurationIsVisible = 0;
			defaultConfigurationName = Release;
		};
/* End XCConfigurationList section */
	};
	rootObject = 6501FB0A1973745B00400B0F /* Project object */;
}
